{
  "dependencies": {
    "react": {
      "version": "0.13.3",
      "dependencies": {
        "envify": {
          "version": "3.4.0",
          "dependencies": {
            "through": {
              "version": "2.3.8"
            },
            "jstransform": {
              "version": "10.1.0",
              "dependencies": {
                "base62": {
                  "version": "0.1.1"
                },
                "esprima-fb": {
                  "version": "13001.1001.0-dev-harmony-fb"
                },
                "source-map": {
                  "version": "0.1.31",
                  "dependencies": {
                    "amdefine": {
                      "version": "1.0.0"
                    }
                  }
                }
              }
            }
          }
        }
      }
    },
    "react-bootstrap": {
      "version": "0.24.0",
      "dependencies": {
        "babel-runtime": {
          "version": "5.8.3",
          "dependencies": {
            "core-js": {
              "version": "0.9.18"
            }
          }
        },
        "classnames": {
          "version": "2.1.3"
        }
      }
    }
  }
}
